// !$*UTF8*$!
{
	archiveVersion = 1;
	classes = {
	};
	objectVersion = 46;
	objects = {

/* Begin PBXBuildFile section */
		6C8911B6190CD060003C889F /* Foundation.framework in Frameworks */ = {isa = PBXBuildFile; fileRef = 6C8911B5190CD060003C889F /* Foundation.framework */; };
		6C8911B8190CD060003C889F /* CoreGraphics.framework in Frameworks */ = {isa = PBXBuildFile; fileRef = 6C8911B7190CD060003C889F /* CoreGraphics.framework */; };
		6C8911BA190CD060003C889F /* UIKit.framework in Frameworks */ = {isa = PBXBuildFile; fileRef = 6C8911B9190CD060003C889F /* UIKit.framework */; };
		6C8911C0190CD060003C889F /* InfoPlist.strings in Resources */ = {isa = PBXBuildFile; fileRef = 6C8911BE190CD060003C889F /* InfoPlist.strings */; };
		6C8911C2190CD060003C889F /* main.m in Sources */ = {isa = PBXBuildFile; fileRef = 6C8911C1190CD060003C889F /* main.m */; };
		6C8911C6190CD060003C889F /* JALAppDelegate.m in Sources */ = {isa = PBXBuildFile; fileRef = 6C8911C5190CD060003C889F /* JALAppDelegate.m */; };
		6C8911C9190CD060003C889F /* Main.storyboard in Resources */ = {isa = PBXBuildFile; fileRef = 6C8911C7190CD060003C889F /* Main.storyboard */; };
		6C8911CC190CD060003C889F /* JALViewController.m in Sources */ = {isa = PBXBuildFile; fileRef = 6C8911CB190CD060003C889F /* JALViewController.m */; };
		6C8911CE190CD060003C889F /* Images.xcassets in Resources */ = {isa = PBXBuildFile; fileRef = 6C8911CD190CD060003C889F /* Images.xcassets */; };
		6C8911D5190CD060003C889F /* XCTest.framework in Frameworks */ = {isa = PBXBuildFile; fileRef = 6C8911D4190CD060003C889F /* XCTest.framework */; };
		6C8911D6190CD060003C889F /* Foundation.framework in Frameworks */ = {isa = PBXBuildFile; fileRef = 6C8911B5190CD060003C889F /* Foundation.framework */; };
		6C8911D7190CD060003C889F /* UIKit.framework in Frameworks */ = {isa = PBXBuildFile; fileRef = 6C8911B9190CD060003C889F /* UIKit.framework */; };
		6C8911DF190CD060003C889F /* InfoPlist.strings in Resources */ = {isa = PBXBuildFile; fileRef = 6C8911DD190CD060003C889F /* InfoPlist.strings */; };
		6C8911E1190CD060003C889F /* Help_LeonardTests.m in Sources */ = {isa = PBXBuildFile; fileRef = 6C8911E0190CD060003C889F /* Help_LeonardTests.m */; };
		6C8911EC190CD6FD003C889F /* JALHeadlinesTableViewController.m in Sources */ = {isa = PBXBuildFile; fileRef = 6C8911EB190CD6FD003C889F /* JALHeadlinesTableViewController.m */; };
		6C8911EF190CD777003C889F /* JALHeadline.m in Sources */ = {isa = PBXBuildFile; fileRef = 6C8911EE190CD777003C889F /* JALHeadline.m */; };
/* End PBXBuildFile section */

/* Begin PBXContainerItemProxy section */
		6C8911D8190CD060003C889F /* PBXContainerItemProxy */ = {
			isa = PBXContainerItemProxy;
			containerPortal = 6C8911AA190CD060003C889F /* Project object */;
			proxyType = 1;
			remoteGlobalIDString = 6C8911B1190CD060003C889F;
			remoteInfo = "Help-Leonard";
		};
/* End PBXContainerItemProxy section */

/* Begin PBXFileReference section */
		6C8911B2190CD060003C889F /* Help-Leonard.app */ = {isa = PBXFileReference; explicitFileType = wrapper.application; includeInIndex = 0; path = "Help-Leonard.app"; sourceTree = BUILT_PRODUCTS_DIR; };
		6C8911B5190CD060003C889F /* Foundation.framework */ = {isa = PBXFileReference; lastKnownFileType = wrapper.framework; name = Foundation.framework; path = System/Library/Frameworks/Foundation.framework; sourceTree = SDKROOT; };
		6C8911B7190CD060003C889F /* CoreGraphics.framework */ = {isa = PBXFileReference; lastKnownFileType = wrapper.framework; name = CoreGraphics.framework; path = System/Library/Frameworks/CoreGraphics.framework; sourceTree = SDKROOT; };
		6C8911B9190CD060003C889F /* UIKit.framework */ = {isa = PBXFileReference; lastKnownFileType = wrapper.framework; name = UIKit.framework; path = System/Library/Frameworks/UIKit.framework; sourceTree = SDKROOT; };
		6C8911BD190CD060003C889F /* Help-Leonard-Info.plist */ = {isa = PBXFileReference; lastKnownFileType = text.plist.xml; path = "Help-Leonard-Info.plist"; sourceTree = "<group>"; };
		6C8911BF190CD060003C889F /* en */ = {isa = PBXFileReference; lastKnownFileType = text.plist.strings; name = en; path = en.lproj/InfoPlist.strings; sourceTree = "<group>"; };
		6C8911C1190CD060003C889F /* main.m */ = {isa = PBXFileReference; lastKnownFileType = sourcecode.c.objc; path = main.m; sourceTree = "<group>"; };
		6C8911C3190CD060003C889F /* Help-Leonard-Prefix.pch */ = {isa = PBXFileReference; lastKnownFileType = sourcecode.c.h; path = "Help-Leonard-Prefix.pch"; sourceTree = "<group>"; };
		6C8911C4190CD060003C889F /* JALAppDelegate.h */ = {isa = PBXFileReference; lastKnownFileType = sourcecode.c.h; path = JALAppDelegate.h; sourceTree = "<group>"; };
		6C8911C5190CD060003C889F /* JALAppDelegate.m */ = {isa = PBXFileReference; lastKnownFileType = sourcecode.c.objc; path = JALAppDelegate.m; sourceTree = "<group>"; };
		6C8911C8190CD060003C889F /* Base */ = {isa = PBXFileReference; lastKnownFileType = file.storyboard; name = Base; path = Base.lproj/Main.storyboard; sourceTree = "<group>"; };
		6C8911CA190CD060003C889F /* JALViewController.h */ = {isa = PBXFileReference; lastKnownFileType = sourcecode.c.h; path = JALViewController.h; sourceTree = "<group>"; };
		6C8911CB190CD060003C889F /* JALViewController.m */ = {isa = PBXFileReference; lastKnownFileType = sourcecode.c.objc; path = JALViewController.m; sourceTree = "<group>"; };
		6C8911CD190CD060003C889F /* Images.xcassets */ = {isa = PBXFileReference; lastKnownFileType = folder.assetcatalog; path = Images.xcassets; sourceTree = "<group>"; };
		6C8911D3190CD060003C889F /* Help-LeonardTests.xctest */ = {isa = PBXFileReference; explicitFileType = wrapper.cfbundle; includeInIndex = 0; path = "Help-LeonardTests.xctest"; sourceTree = BUILT_PRODUCTS_DIR; };
		6C8911D4190CD060003C889F /* XCTest.framework */ = {isa = PBXFileReference; lastKnownFileType = wrapper.framework; name = XCTest.framework; path = Library/Frameworks/XCTest.framework; sourceTree = DEVELOPER_DIR; };
		6C8911DC190CD060003C889F /* Help-LeonardTests-Info.plist */ = {isa = PBXFileReference; lastKnownFileType = text.plist.xml; path = "Help-LeonardTests-Info.plist"; sourceTree = "<group>"; };
		6C8911DE190CD060003C889F /* en */ = {isa = PBXFileReference; lastKnownFileType = text.plist.strings; name = en; path = en.lproj/InfoPlist.strings; sourceTree = "<group>"; };
		6C8911E0190CD060003C889F /* Help_LeonardTests.m */ = {isa = PBXFileReference; lastKnownFileType = sourcecode.c.objc; path = Help_LeonardTests.m; sourceTree = "<group>"; };
		6C8911EA190CD6FD003C889F /* JALHeadlinesTableViewController.h */ = {isa = PBXFileReference; fileEncoding = 4; lastKnownFileType = sourcecode.c.h; path = JALHeadlinesTableViewController.h; sourceTree = "<group>"; };
		6C8911EB190CD6FD003C889F /* JALHeadlinesTableViewController.m */ = {isa = PBXFileReference; fileEncoding = 4; lastKnownFileType = sourcecode.c.objc; path = JALHeadlinesTableViewController.m; sourceTree = "<group>"; };
		6C8911ED190CD777003C889F /* JALHeadline.h */ = {isa = PBXFileReference; fileEncoding = 4; lastKnownFileType = sourcecode.c.h; path = JALHeadline.h; sourceTree = "<group>"; };
		6C8911EE190CD777003C889F /* JALHeadline.m */ = {isa = PBXFileReference; fileEncoding = 4; lastKnownFileType = sourcecode.c.objc; path = JALHeadline.m; sourceTree = "<group>"; };
/* End PBXFileReference section */

/* Begin PBXFrameworksBuildPhase section */
		6C8911AF190CD060003C889F /* Frameworks */ = {
			isa = PBXFrameworksBuildPhase;
			buildActionMask = 2147483647;
			files = (
				6C8911B8190CD060003C889F /* CoreGraphics.framework in Frameworks */,
				6C8911BA190CD060003C889F /* UIKit.framework in Frameworks */,
				6C8911B6190CD060003C889F /* Foundation.framework in Frameworks */,
			);
			runOnlyForDeploymentPostprocessing = 0;
		};
		6C8911D0190CD060003C889F /* Frameworks */ = {
			isa = PBXFrameworksBuildPhase;
			buildActionMask = 2147483647;
			files = (
				6C8911D5190CD060003C889F /* XCTest.framework in Frameworks */,
				6C8911D7190CD060003C889F /* UIKit.framework in Frameworks */,
				6C8911D6190CD060003C889F /* Foundation.framework in Frameworks */,
			);
			runOnlyForDeploymentPostprocessing = 0;
		};
/* End PBXFrameworksBuildPhase section */

/* Begin PBXGroup section */
		6C8911A9190CD060003C889F = {
			isa = PBXGroup;
			children = (
				6C8911BB190CD060003C889F /* Help-Leonard */,
				6C8911DA190CD060003C889F /* Help-LeonardTests */,
				6C8911B4190CD060003C889F /* Frameworks */,
				6C8911B3190CD060003C889F /* Products */,
			);
			sourceTree = "<group>";
		};
		6C8911B3190CD060003C889F /* Products */ = {
			isa = PBXGroup;
			children = (
				6C8911B2190CD060003C889F /* Help-Leonard.app */,
				6C8911D3190CD060003C889F /* Help-LeonardTests.xctest */,
			);
			name = Products;
			sourceTree = "<group>";
		};
		6C8911B4190CD060003C889F /* Frameworks */ = {
			isa = PBXGroup;
			children = (
				6C8911B5190CD060003C889F /* Foundation.framework */,
				6C8911B7190CD060003C889F /* CoreGraphics.framework */,
				6C8911B9190CD060003C889F /* UIKit.framework */,
				6C8911D4190CD060003C889F /* XCTest.framework */,
			);
			name = Frameworks;
			sourceTree = "<group>";
		};
		6C8911BB190CD060003C889F /* Help-Leonard */ = {
			isa = PBXGroup;
			children = (
				6C8911C4190CD060003C889F /* JALAppDelegate.h */,
				6C8911C5190CD060003C889F /* JALAppDelegate.m */,
				6C8911C7190CD060003C889F /* Main.storyboard */,
				6C8911EA190CD6FD003C889F /* JALHeadlinesTableViewController.h */,
				6C8911ED190CD777003C889F /* JALHeadline.h */,
				6C8911EE190CD777003C889F /* JALHeadline.m */,
				6C8911EB190CD6FD003C889F /* JALHeadlinesTableViewController.m */,
				6C8911CA190CD060003C889F /* JALViewController.h */,
				6C8911CB190CD060003C889F /* JALViewController.m */,
				6C8911CD190CD060003C889F /* Images.xcassets */,
				6C8911BC190CD060003C889F /* Supporting Files */,
			);
			path = "Help-Leonard";
			sourceTree = "<group>";
		};
		6C8911BC190CD060003C889F /* Supporting Files */ = {
			isa = PBXGroup;
			children = (
				6C8911BD190CD060003C889F /* Help-Leonard-Info.plist */,
				6C8911BE190CD060003C889F /* InfoPlist.strings */,
				6C8911C1190CD060003C889F /* main.m */,
				6C8911C3190CD060003C889F /* Help-Leonard-Prefix.pch */,
			);
			name = "Supporting Files";
			sourceTree = "<group>";
		};
		6C8911DA190CD060003C889F /* Help-LeonardTests */ = {
			isa = PBXGroup;
			children = (
				6C8911E0190CD060003C889F /* Help_LeonardTests.m */,
				6C8911DB190CD060003C889F /* Supporting Files */,
			);
			path = "Help-LeonardTests";
			sourceTree = "<group>";
		};
		6C8911DB190CD060003C889F /* Supporting Files */ = {
			isa = PBXGroup;
			children = (
				6C8911DC190CD060003C889F /* Help-LeonardTests-Info.plist */,
				6C8911DD190CD060003C889F /* InfoPlist.strings */,
			);
			name = "Supporting Files";
			sourceTree = "<group>";
		};
/* End PBXGroup section */

/* Begin PBXNativeTarget section */
		6C8911B1190CD060003C889F /* Help-Leonard */ = {
			isa = PBXNativeTarget;
			buildConfigurationList = 6C8911E4190CD060003C889F /* Build configuration list for PBXNativeTarget "Help-Leonard" */;
			buildPhases = (
				6C8911AE190CD060003C889F /* Sources */,
				6C8911AF190CD060003C889F /* Frameworks */,
				6C8911B0190CD060003C889F /* Resources */,
			);
			buildRules = (
			);
			dependencies = (
			);
			name = "Help-Leonard";
			productName = "Help-Leonard";
			productReference = 6C8911B2190CD060003C889F /* Help-Leonard.app */;
			productType = "com.apple.product-type.application";
		};
		6C8911D2190CD060003C889F /* Help-LeonardTests */ = {
			isa = PBXNativeTarget;
			buildConfigurationList = 6C8911E7190CD060003C889F /* Build configuration list for PBXNativeTarget "Help-LeonardTests" */;
			buildPhases = (
				6C8911CF190CD060003C889F /* Sources */,
				6C8911D0190CD060003C889F /* Frameworks */,
				6C8911D1190CD060003C889F /* Resources */,
			);
			buildRules = (
			);
			dependencies = (
				6C8911D9190CD060003C889F /* PBXTargetDependency */,
			);
			name = "Help-LeonardTests";
			productName = "Help-LeonardTests";
			productReference = 6C8911D3190CD060003C889F /* Help-LeonardTests.xctest */;
			productType = "com.apple.product-type.bundle.unit-test";
		};
/* End PBXNativeTarget section */

/* Begin PBXProject section */
		6C8911AA190CD060003C889F /* Project object */ = {
			isa = PBXProject;
			attributes = {
				CLASSPREFIX = JAL;
				LastUpgradeCheck = 0510;
				ORGANIZATIONNAME = "Josh Lieberman";
				TargetAttributes = {
					6C8911D2190CD060003C889F = {
						TestTargetID = 6C8911B1190CD060003C889F;
					};
				};
			};
			buildConfigurationList = 6C8911AD190CD060003C889F /* Build configuration list for PBXProject "Help-Leonard" */;
			compatibilityVersion = "Xcode 3.2";
			developmentRegion = English;
			hasScannedForEncodings = 0;
			knownRegions = (
				en,
				Base,
			);
			mainGroup = 6C8911A9190CD060003C889F;
			productRefGroup = 6C8911B3190CD060003C889F /* Products */;
			projectDirPath = "";
			projectRoot = "";
			targets = (
				6C8911B1190CD060003C889F /* Help-Leonard */,
				6C8911D2190CD060003C889F /* Help-LeonardTests */,
			);
		};
/* End PBXProject section */

/* Begin PBXResourcesBuildPhase section */
		6C8911B0190CD060003C889F /* Resources */ = {
			isa = PBXResourcesBuildPhase;
			buildActionMask = 2147483647;
			files = (
				6C8911CE190CD060003C889F /* Images.xcassets in Resources */,
				6C8911C0190CD060003C889F /* InfoPlist.strings in Resources */,
				6C8911C9190CD060003C889F /* Main.storyboard in Resources */,
			);
			runOnlyForDeploymentPostprocessing = 0;
		};
		6C8911D1190CD060003C889F /* Resources */ = {
			isa = PBXResourcesBuildPhase;
			buildActionMask = 2147483647;
			files = (
				6C8911DF190CD060003C889F /* InfoPlist.strings in Resources */,
			);
			runOnlyForDeploymentPostprocessing = 0;
		};
/* End PBXResourcesBuildPhase section */

/* Begin PBXSourcesBuildPhase section */
		6C8911AE190CD060003C889F /* Sources */ = {
			isa = PBXSourcesBuildPhase;
			buildActionMask = 2147483647;
			files = (
				6C8911C6190CD060003C889F /* JALAppDelegate.m in Sources */,
				6C8911EC190CD6FD003C889F /* JALHeadlinesTableViewController.m in Sources */,
				6C8911CC190CD060003C889F /* JALViewController.m in Sources */,
				6C8911C2190CD060003C889F /* main.m in Sources */,
				6C8911EF190CD777003C889F /* JALHeadline.m in Sources */,
			);
			runOnlyForDeploymentPostprocessing = 0;
		};
		6C8911CF190CD060003C889F /* Sources */ = {
			isa = PBXSourcesBuildPhase;
			buildActionMask = 2147483647;
			files = (
				6C8911E1190CD060003C889F /* Help_LeonardTests.m in Sources */,
			);
			runOnlyForDeploymentPostprocessing = 0;
		};
/* End PBXSourcesBuildPhase section */

/* Begin PBXTargetDependency section */
		6C8911D9190CD060003C889F /* PBXTargetDependency */ = {
			isa = PBXTargetDependency;
			target = 6C8911B1190CD060003C889F /* Help-Leonard */;
			targetProxy = 6C8911D8190CD060003C889F /* PBXContainerItemProxy */;
		};
/* End PBXTargetDependency section */

/* Begin PBXVariantGroup section */
		6C8911BE190CD060003C889F /* InfoPlist.strings */ = {
			isa = PBXVariantGroup;
			children = (
				6C8911BF190CD060003C889F /* en */,
			);
			name = InfoPlist.strings;
			sourceTree = "<group>";
		};
		6C8911C7190CD060003C889F /* Main.storyboard */ = {
			isa = PBXVariantGroup;
			children = (
				6C8911C8190CD060003C889F /* Base */,
			);
			name = Main.storyboard;
			sourceTree = "<group>";
		};
		6C8911DD190CD060003C889F /* InfoPlist.strings */ = {
			isa = PBXVariantGroup;
			children = (
				6C8911DE190CD060003C889F /* en */,
			);
			name = InfoPlist.strings;
			sourceTree = "<group>";
		};
/* End PBXVariantGroup section */

/* Begin XCBuildConfiguration section */
		6C8911E2190CD060003C889F /* Debug */ = {
			isa = XCBuildConfiguration;
			buildSettings = {
				ALWAYS_SEARCH_USER_PATHS = NO;
				CLANG_CXX_LANGUAGE_STANDARD = "gnu++0x";
				CLANG_CXX_LIBRARY = "libc++";
				CLANG_ENABLE_MODULES = YES;
				CLANG_ENABLE_OBJC_ARC = YES;
				CLANG_WARN_BOOL_CONVERSION = YES;
				CLANG_WARN_CONSTANT_CONVERSION = YES;
				CLANG_WARN_DIRECT_OBJC_ISA_USAGE = YES_ERROR;
				CLANG_WARN_EMPTY_BODY = YES;
				CLANG_WARN_ENUM_CONVERSION = YES;
				CLANG_WARN_INT_CONVERSION = YES;
				CLANG_WARN_OBJC_ROOT_CLASS = YES_ERROR;
				CLANG_WARN__DUPLICATE_METHOD_MATCH = YES;
				"CODE_SIGN_IDENTITY[sdk=iphoneos*]" = "iPhone Developer";
				COPY_PHASE_STRIP = NO;
				GCC_C_LANGUAGE_STANDARD = gnu99;
				GCC_DYNAMIC_NO_PIC = NO;
				GCC_OPTIMIZATION_LEVEL = 0;
				GCC_PREPROCESSOR_DEFINITIONS = (
					"DEBUG=1",
					"$(inherited)",
				);
				GCC_SYMBOLS_PRIVATE_EXTERN = NO;
				GCC_WARN_64_TO_32_BIT_CONVERSION = YES;
				GCC_WARN_ABOUT_RETURN_TYPE = YES_ERROR;
				GCC_WARN_UNDECLARED_SELECTOR = YES;
				GCC_WARN_UNINITIALIZED_AUTOS = YES_AGGRESSIVE;
				GCC_WARN_UNUSED_FUNCTION = YES;
				GCC_WARN_UNUSED_VARIABLE = YES;
				IPHONEOS_DEPLOYMENT_TARGET = 7.1;
				ONLY_ACTIVE_ARCH = YES;
				SDKROOT = iphoneos;
			};
			name = Debug;
		};
		6C8911E3190CD060003C889F /* Release */ = {
			isa = XCBuildConfiguration;
			buildSettings = {
				ALWAYS_SEARCH_USER_PATHS = NO;
				CLANG_CXX_LANGUAGE_STANDARD = "gnu++0x";
				CLANG_CXX_LIBRARY = "libc++";
				CLANG_ENABLE_MODULES = YES;
				CLANG_ENABLE_OBJC_ARC = YES;
				CLANG_WARN_BOOL_CONVERSION = YES;
				CLANG_WARN_CONSTANT_CONVERSION = YES;
				CLANG_WARN_DIRECT_OBJC_ISA_USAGE = YES_ERROR;
				CLANG_WARN_EMPTY_BODY = YES;
				CLANG_WARN_ENUM_CONVERSION = YES;
				CLANG_WARN_INT_CONVERSION = YES;
				CLANG_WARN_OBJC_ROOT_CLASS = YES_ERROR;
				CLANG_WARN__DUPLICATE_METHOD_MATCH = YES;
				"CODE_SIGN_IDENTITY[sdk=iphoneos*]" = "iPhone Developer";
				COPY_PHASE_STRIP = YES;
				ENABLE_NS_ASSERTIONS = NO;
				GCC_C_LANGUAGE_STANDARD = gnu99;
				GCC_WARN_64_TO_32_BIT_CONVERSION = YES;
				GCC_WARN_ABOUT_RETURN_TYPE = YES_ERROR;
				GCC_WARN_UNDECLARED_SELECTOR = YES;
				GCC_WARN_UNINITIALIZED_AUTOS = YES_AGGRESSIVE;
				GCC_WARN_UNUSED_FUNCTION = YES;
				GCC_WARN_UNUSED_VARIABLE = YES;
				IPHONEOS_DEPLOYMENT_TARGET = 7.1;
				SDKROOT = iphoneos;
				VALIDATE_PRODUCT = YES;
			};
			name = Release;
		};
		6C8911E5190CD060003C889F /* Debug */ = {
			isa = XCBuildConfiguration;
			buildSettings = {
				ASSETCATALOG_COMPILER_APPICON_NAME = AppIcon;
				ASSETCATALOG_COMPILER_LAUNCHIMAGE_NAME = LaunchImage;
				GCC_PRECOMPILE_PREFIX_HEADER = YES;
				GCC_PREFIX_HEADER = "Help-Leonard/Help-Leonard-Prefix.pch";
				INFOPLIST_FILE = "Help-Leonard/Help-Leonard-Info.plist";
				PRODUCT_NAME = "$(TARGET_NAME)";
				WRAPPER_EXTENSION = app;
			};
			name = Debug;
		};
		6C8911E6190CD060003C889F /* Release */ = {
			isa = XCBuildConfiguration;
			buildSettings = {
				ASSETCATALOG_COMPILER_APPICON_NAME = AppIcon;
				ASSETCATALOG_COMPILER_LAUNCHIMAGE_NAME = LaunchImage;
				GCC_PRECOMPILE_PREFIX_HEADER = YES;
				GCC_PREFIX_HEADER = "Help-Leonard/Help-Leonard-Prefix.pch";
				INFOPLIST_FILE = "Help-Leonard/Help-Leonard-Info.plist";
				PRODUCT_NAME = "$(TARGET_NAME)";
				WRAPPER_EXTENSION = app;
			};
			name = Release;
		};
		6C8911E8190CD060003C889F /* Debug */ = {
			isa = XCBuildConfiguration;
			buildSettings = {
				BUNDLE_LOADER = "$(BUILT_PRODUCTS_DIR)/Help-Leonard.app/Help-Leonard";
				FRAMEWORK_SEARCH_PATHS = (
					"$(SDKROOT)/Developer/Library/Frameworks",
					"$(inherited)",
					"$(DEVELOPER_FRAMEWORKS_DIR)",
				);
				GCC_PRECOMPILE_PREFIX_HEADER = YES;
				GCC_PREFIX_HEADER = "Help-Leonard/Help-Leonard-Prefix.pch";
				GCC_PREPROCESSOR_DEFINITIONS = (
					"DEBUG=1",
					"$(inherited)",
				);
				INFOPLIST_FILE = "Help-LeonardTests/Help-LeonardTests-Info.plist";
				PRODUCT_NAME = "$(TARGET_NAME)";
				TEST_HOST = "$(BUNDLE_LOADER)";
				WRAPPER_EXTENSION = xctest;
			};
			name = Debug;
		};
		6C8911E9190CD060003C889F /* Release */ = {
			isa = XCBuildConfiguration;
			buildSettings = {
				BUNDLE_LOADER = "$(BUILT_PRODUCTS_DIR)/Help-Leonard.app/Help-Leonard";
				FRAMEWORK_SEARCH_PATHS = (
					"$(SDKROOT)/Developer/Library/Frameworks",
					"$(inherited)",
					"$(DEVELOPER_FRAMEWORKS_DIR)",
				);
				GCC_PRECOMPILE_PREFIX_HEADER = YES;
				GCC_PREFIX_HEADER = "Help-Leonard/Help-Leonard-Prefix.pch";
				INFOPLIST_FILE = "Help-LeonardTests/Help-LeonardTests-Info.plist";
				PRODUCT_NAME = "$(TARGET_NAME)";
				TEST_HOST = "$(BUNDLE_LOADER)";
				WRAPPER_EXTENSION = xctest;
			};
			name = Release;
		};
/* End XCBuildConfiguration section */

/* Begin XCConfigurationList section */
		6C8911AD190CD060003C889F /* Build configuration list for PBXProject "Help-Leonard" */ = {
			isa = XCConfigurationList;
			buildConfigurations = (
				6C8911E2190CD060003C889F /* Debug */,
				6C8911E3190CD060003C889F /* Release */,
			);
			defaultConfigurationIsVisible = 0;
			defaultConfigurationName = Release;
		};
		6C8911E4190CD060003C889F /* Build configuration list for PBXNativeTarget "Help-Leonard" */ = {
			isa = XCConfigurationList;
			buildConfigurations = (
				6C8911E5190CD060003C889F /* Debug */,
				6C8911E6190CD060003C889F /* Release */,
			);
			defaultConfigurationIsVisible = 0;
		};
		6C8911E7190CD060003C889F /* Build configuration list for PBXNativeTarget "Help-LeonardTests" */ = {
			isa = XCConfigurationList;
			buildConfigurations = (
				6C8911E8190CD060003C889F /* Debug */,
				6C8911E9190CD060003C889F /* Release */,
			);
			defaultConfigurationIsVisible = 0;
		};
/* End XCConfigurationList section */
	};
	rootObject = 6C8911AA190CD060003C889F /* Project object */;
}
